// !$*UTF8*$!
{
	archiveVersion = 1;
	classes = {
	};
	objectVersion = 46;
	objects = {

/* Begin PBXBuildFile section */
		5B70598D1AB25CE9004BB0FE /* main.swift in Sources */ = {isa = PBXBuildFile; fileRef = 5B70598C1AB25CE9004BB0FE /* main.swift */; };
		5B7059941AB25CFE004BB0FE /* DataImporter.swift in Sources */ = {isa = PBXBuildFile; fileRef = 5B7059931AB25CFE004BB0FE /* DataImporter.swift */; };
		5B7059961AB27074004BB0FE /* Dataset.swift in Sources */ = {isa = PBXBuildFile; fileRef = 5B7059951AB27074004BB0FE /* Dataset.swift */; };
		5B70599A1AB28871004BB0FE /* SingleLayerBackpropNet.swift in Sources */ = {isa = PBXBuildFile; fileRef = 5B7059991AB28871004BB0FE /* SingleLayerBackpropNet.swift */; };
		5B70599C1AB288B4004BB0FE /* Array2D.swift in Sources */ = {isa = PBXBuildFile; fileRef = 5B70599B1AB288B4004BB0FE /* Array2D.swift */; };
		5B9D74771AB377A80051DF58 /* NetworkExporter.swift in Sources */ = {isa = PBXBuildFile; fileRef = 5B9D74761AB377A80051DF58 /* NetworkExporter.swift */; };
/* End PBXBuildFile section */

/* Begin PBXCopyFilesBuildPhase section */
		5B7059871AB25CE9004BB0FE /* CopyFiles */ = {
			isa = PBXCopyFilesBuildPhase;
			buildActionMask = 2147483647;
			dstPath = /usr/share/man/man1/;
			dstSubfolderSpec = 0;
			files = (
			);
			runOnlyForDeploymentPostprocessing = 1;
		};
/* End PBXCopyFilesBuildPhase section */

/* Begin PBXFileReference section */
		5B7059891AB25CE9004BB0FE /* Deep-Learning */ = {isa = PBXFileReference; explicitFileType = "compiled.mach-o.executable"; includeInIndex = 0; path = "Deep-Learning"; sourceTree = BUILT_PRODUCTS_DIR; };
		5B70598C1AB25CE9004BB0FE /* main.swift */ = {isa = PBXFileReference; lastKnownFileType = sourcecode.swift; path = main.swift; sourceTree = "<group>"; };
		5B7059931AB25CFE004BB0FE /* DataImporter.swift */ = {isa = PBXFileReference; fileEncoding = 4; lastKnownFileType = sourcecode.swift; path = DataImporter.swift; sourceTree = "<group>"; };
		5B7059951AB27074004BB0FE /* Dataset.swift */ = {isa = PBXFileReference; fileEncoding = 4; lastKnownFileType = sourcecode.swift; path = Dataset.swift; sourceTree = "<group>"; };
		5B7059991AB28871004BB0FE /* SingleLayerBackpropNet.swift */ = {isa = PBXFileReference; fileEncoding = 4; lastKnownFileType = sourcecode.swift; path = SingleLayerBackpropNet.swift; sourceTree = "<group>"; };
		5B70599B1AB288B4004BB0FE /* Array2D.swift */ = {isa = PBXFileReference; fileEncoding = 4; lastKnownFileType = sourcecode.swift; path = Array2D.swift; sourceTree = "<group>"; };
		5B9D74761AB377A80051DF58 /* NetworkExporter.swift */ = {isa = PBXFileReference; fileEncoding = 4; lastKnownFileType = sourcecode.swift; path = NetworkExporter.swift; sourceTree = "<group>"; };
/* End PBXFileReference section */

/* Begin PBXFrameworksBuildPhase section */
		5B7059861AB25CE9004BB0FE /* Frameworks */ = {
			isa = PBXFrameworksBuildPhase;
			buildActionMask = 2147483647;
			files = (
			);
			runOnlyForDeploymentPostprocessing = 0;
		};
/* End PBXFrameworksBuildPhase section */

/* Begin PBXGroup section */
		5B7059801AB25CE9004BB0FE = {
			isa = PBXGroup;
			children = (
				5B70598B1AB25CE9004BB0FE /* Deep-Learning */,
				5B70598A1AB25CE9004BB0FE /* Products */,
			);
			sourceTree = "<group>";
		};
		5B70598A1AB25CE9004BB0FE /* Products */ = {
			isa = PBXGroup;
			children = (
				5B7059891AB25CE9004BB0FE /* Deep-Learning */,
			);
			name = Products;
			sourceTree = "<group>";
		};
		5B70598B1AB25CE9004BB0FE /* Deep-Learning */ = {
			isa = PBXGroup;
			children = (
				5B70598C1AB25CE9004BB0FE /* main.swift */,
				5B7059991AB28871004BB0FE /* SingleLayerBackpropNet.swift */,
				5B7059931AB25CFE004BB0FE /* DataImporter.swift */,
				5B9D74761AB377A80051DF58 /* NetworkExporter.swift */,
				5B7059951AB27074004BB0FE /* Dataset.swift */,
				5B70599B1AB288B4004BB0FE /* Array2D.swift */,
			);
			path = "Deep-Learning";
			sourceTree = "<group>";
		};
/* End PBXGroup section */

/* Begin PBXNativeTarget section */
		5B7059881AB25CE9004BB0FE /* Deep-Learning */ = {
			isa = PBXNativeTarget;
			buildConfigurationList = 5B7059901AB25CE9004BB0FE /* Build configuration list for PBXNativeTarget "Deep-Learning" */;
			buildPhases = (
				5B7059851AB25CE9004BB0FE /* Sources */,
				5B7059861AB25CE9004BB0FE /* Frameworks */,
				5B7059871AB25CE9004BB0FE /* CopyFiles */,
			);
			buildRules = (
			);
			dependencies = (
			);
			name = "Deep-Learning";
			productName = "Deep-Learning";
			productReference = 5B7059891AB25CE9004BB0FE /* Deep-Learning */;
			productType = "com.apple.product-type.tool";
		};
/* End PBXNativeTarget section */

/* Begin PBXProject section */
		5B7059811AB25CE9004BB0FE /* Project object */ = {
			isa = PBXProject;
			attributes = {
				LastUpgradeCheck = 0610;
				ORGANIZATIONNAME = "Runemark Studios";
				TargetAttributes = {
					5B7059881AB25CE9004BB0FE = {
						CreatedOnToolsVersion = 6.1.1;
					};
				};
			};
			buildConfigurationList = 5B7059841AB25CE9004BB0FE /* Build configuration list for PBXProject "Deep-Learning" */;
			compatibilityVersion = "Xcode 3.2";
			developmentRegion = English;
			hasScannedForEncodings = 0;
			knownRegions = (
				en,
			);
			mainGroup = 5B7059801AB25CE9004BB0FE;
			productRefGroup = 5B70598A1AB25CE9004BB0FE /* Products */;
			projectDirPath = "";
			projectRoot = "";
			targets = (
				5B7059881AB25CE9004BB0FE /* Deep-Learning */,
			);
		};
/* End PBXProject section */

/* Begin PBXSourcesBuildPhase section */
		5B7059851AB25CE9004BB0FE /* Sources */ = {
			isa = PBXSourcesBuildPhase;
			buildActionMask = 2147483647;
			files = (
				5B7059961AB27074004BB0FE /* Dataset.swift in Sources */,
				5B9D74771AB377A80051DF58 /* NetworkExporter.swift in Sources */,
				5B70598D1AB25CE9004BB0FE /* main.swift in Sources */,
				5B7059941AB25CFE004BB0FE /* DataImporter.swift in Sources */,
				5B70599A1AB28871004BB0FE /* SingleLayerBackpropNet.swift in Sources */,
				5B70599C1AB288B4004BB0FE /* Array2D.swift in Sources */,
			);
			runOnlyForDeploymentPostprocessing = 0;
		};
/* End PBXSourcesBuildPhase section */

/* Begin XCBuildConfiguration section */
		5B70598E1AB25CE9004BB0FE /* Debug */ = {
			isa = XCBuildConfiguration;
			buildSettings = {
				ALWAYS_SEARCH_USER_PATHS = NO;
				CLANG_CXX_LANGUAGE_STANDARD = "gnu++0x";
				CLANG_CXX_LIBRARY = "libc++";
				CLANG_ENABLE_MODULES = YES;
				CLANG_ENABLE_OBJC_ARC = YES;
				CLANG_WARN_BOOL_CONVERSION = YES;
				CLANG_WARN_CONSTANT_CONVERSION = YES;
				CLANG_WARN_DIRECT_OBJC_ISA_USAGE = YES_ERROR;
				CLANG_WARN_EMPTY_BODY = YES;
				CLANG_WARN_ENUM_CONVERSION = YES;
				CLANG_WARN_INT_CONVERSION = YES;
				CLANG_WARN_OBJC_ROOT_CLASS = YES_ERROR;
				CLANG_WARN_UNREACHABLE_CODE = YES;
				CLANG_WARN__DUPLICATE_METHOD_MATCH = YES;
				COPY_PHASE_STRIP = NO;
				ENABLE_STRICT_OBJC_MSGSEND = YES;
				GCC_C_LANGUAGE_STANDARD = gnu99;
				GCC_DYNAMIC_NO_PIC = NO;
				GCC_OPTIMIZATION_LEVEL = 0;
				GCC_PREPROCESSOR_DEFINITIONS = (
					"DEBUG=1",
					"$(inherited)",
				);
				GCC_SYMBOLS_PRIVATE_EXTERN = NO;
				GCC_WARN_64_TO_32_BIT_CONVERSION = YES;
				GCC_WARN_ABOUT_RETURN_TYPE = YES_ERROR;
				GCC_WARN_UNDECLARED_SELECTOR = YES;
				GCC_WARN_UNINITIALIZED_AUTOS = YES_AGGRESSIVE;
				GCC_WARN_UNUSED_FUNCTION = YES;
				GCC_WARN_UNUSED_VARIABLE = YES;
				MACOSX_DEPLOYMENT_TARGET = 10.10;
				MTL_ENABLE_DEBUG_INFO = YES;
				ONLY_ACTIVE_ARCH = YES;
				SDKROOT = macosx;
				SWIFT_OPTIMIZATION_LEVEL = "-Onone";
			};
			name = Debug;
		};
		5B70598F1AB25CE9004BB0FE /* Release */ = {
			isa = XCBuildConfiguration;
			buildSettings = {
				ALWAYS_SEARCH_USER_PATHS = NO;
				CLANG_CXX_LANGUAGE_STANDARD = "gnu++0x";
				CLANG_CXX_LIBRARY = "libc++";
				CLANG_ENABLE_MODULES = YES;
				CLANG_ENABLE_OBJC_ARC = YES;
				CLANG_WARN_BOOL_CONVERSION = YES;
				CLANG_WARN_CONSTANT_CONVERSION = YES;
				CLANG_WARN_DIRECT_OBJC_ISA_USAGE = YES_ERROR;
				CLANG_WARN_EMPTY_BODY = YES;
				CLANG_WARN_ENUM_CONVERSION = YES;
				CLANG_WARN_INT_CONVERSION = YES;
				CLANG_WARN_OBJC_ROOT_CLASS = YES_ERROR;
				CLANG_WARN_UNREACHABLE_CODE = YES;
				CLANG_WARN__DUPLICATE_METHOD_MATCH = YES;
				COPY_PHASE_STRIP = YES;
				DEBUG_INFORMATION_FORMAT = "dwarf-with-dsym";
				ENABLE_NS_ASSERTIONS = NO;
				ENABLE_STRICT_OBJC_MSGSEND = YES;
				GCC_C_LANGUAGE_STANDARD = gnu99;
				GCC_WARN_64_TO_32_BIT_CONVERSION = YES;
				GCC_WARN_ABOUT_RETURN_TYPE = YES_ERROR;
				GCC_WARN_UNDECLARED_SELECTOR = YES;
				GCC_WARN_UNINITIALIZED_AUTOS = YES_AGGRESSIVE;
				GCC_WARN_UNUSED_FUNCTION = YES;
				GCC_WARN_UNUSED_VARIABLE = YES;
				MACOSX_DEPLOYMENT_TARGET = 10.10;
				MTL_ENABLE_DEBUG_INFO = NO;
				SDKROOT = macosx;
			};
			name = Release;
		};
		5B7059911AB25CE9004BB0FE /* Debug */ = {
			isa = XCBuildConfiguration;
			buildSettings = {
				PRODUCT_NAME = "$(TARGET_NAME)";
			};
			name = Debug;
		};
		5B7059921AB25CE9004BB0FE /* Release */ = {
			isa = XCBuildConfiguration;
			buildSettings = {
				PRODUCT_NAME = "$(TARGET_NAME)";
			};
			name = Release;
		};
/* End XCBuildConfiguration section */

/* Begin XCConfigurationList section */
		5B7059841AB25CE9004BB0FE /* Build configuration list for PBXProject "Deep-Learning" */ = {
			isa = XCConfigurationList;
			buildConfigurations = (
				5B70598E1AB25CE9004BB0FE /* Debug */,
				5B70598F1AB25CE9004BB0FE /* Release */,
			);
			defaultConfigurationIsVisible = 0;
			defaultConfigurationName = Release;
		};
		5B7059901AB25CE9004BB0FE /* Build configuration list for PBXNativeTarget "Deep-Learning" */ = {
			isa = XCConfigurationList;
			buildConfigurations = (
				5B7059911AB25CE9004BB0FE /* Debug */,
				5B7059921AB25CE9004BB0FE /* Release */,
			);
			defaultConfigurationIsVisible = 0;
			defaultConfigurationName = Release;
		};
/* End XCConfigurationList section */
	};
	rootObject = 5B7059811AB25CE9004BB0FE /* Project object */;
}
