// !$*UTF8*$!
{
	archiveVersion = 1;
	classes = {
	};
	objectVersion = 46;
	objects = {

/* Begin PBXBuildFile section */
		5BAF0B2A1AB8E69D0057379B /* AppDelegate.swift in Sources */ = {isa = PBXBuildFile; fileRef = 5BAF0B291AB8E69D0057379B /* AppDelegate.swift */; };
		5BAF0B2D1AB8E69D0057379B /* DeepLearning.xcdatamodeld in Sources */ = {isa = PBXBuildFile; fileRef = 5BAF0B2B1AB8E69D0057379B /* DeepLearning.xcdatamodeld */; };
		5BAF0B2F1AB8E69D0057379B /* ViewController.swift in Sources */ = {isa = PBXBuildFile; fileRef = 5BAF0B2E1AB8E69D0057379B /* ViewController.swift */; };
		5BAF0B321AB8E69D0057379B /* Main.storyboard in Resources */ = {isa = PBXBuildFile; fileRef = 5BAF0B301AB8E69D0057379B /* Main.storyboard */; };
		5BAF0B341AB8E69D0057379B /* Images.xcassets in Resources */ = {isa = PBXBuildFile; fileRef = 5BAF0B331AB8E69D0057379B /* Images.xcassets */; };
		5BAF0B371AB8E69D0057379B /* LaunchScreen.xib in Resources */ = {isa = PBXBuildFile; fileRef = 5BAF0B351AB8E69D0057379B /* LaunchScreen.xib */; };
		5BAF0B431AB8E69D0057379B /* DeepLearningTests.swift in Sources */ = {isa = PBXBuildFile; fileRef = 5BAF0B421AB8E69D0057379B /* DeepLearningTests.swift */; };
		5BAF0B521AB8E7450057379B /* SingleLayerBackpropNet.swift in Sources */ = {isa = PBXBuildFile; fileRef = 5BAF0B4D1AB8E7450057379B /* SingleLayerBackpropNet.swift */; };
		5BAF0B531AB8E7450057379B /* DataImporter.swift in Sources */ = {isa = PBXBuildFile; fileRef = 5BAF0B4E1AB8E7450057379B /* DataImporter.swift */; };
		5BAF0B541AB8E7450057379B /* NetworkExporter.swift in Sources */ = {isa = PBXBuildFile; fileRef = 5BAF0B4F1AB8E7450057379B /* NetworkExporter.swift */; };
		5BAF0B551AB8E7450057379B /* Dataset.swift in Sources */ = {isa = PBXBuildFile; fileRef = 5BAF0B501AB8E7450057379B /* Dataset.swift */; };
		5BAF0B561AB8E7450057379B /* Array2D.swift in Sources */ = {isa = PBXBuildFile; fileRef = 5BAF0B511AB8E7450057379B /* Array2D.swift */; };
		5BAF0B581AB8EC580057379B /* UIImageExtension.swift in Sources */ = {isa = PBXBuildFile; fileRef = 5BAF0B571AB8EC580057379B /* UIImageExtension.swift */; };
		5BAF0B5C1AB8EDA40057379B /* MNIST_test_500.arff in Resources */ = {isa = PBXBuildFile; fileRef = 5BAF0B5A1AB8EDA40057379B /* MNIST_test_500.arff */; };
		5BAF0B5D1AB8EDA40057379B /* MNIST_train_500.arff in Resources */ = {isa = PBXBuildFile; fileRef = 5BAF0B5B1AB8EDA40057379B /* MNIST_train_500.arff */; };
		5BAF0B5F1AB8F2590057379B /* MNIST_train_50.arff in Resources */ = {isa = PBXBuildFile; fileRef = 5BAF0B5E1AB8F2590057379B /* MNIST_train_50.arff */; };
		FBCCC17E1AC0625E005B6941 /* MNIST_test_1000.arff in Resources */ = {isa = PBXBuildFile; fileRef = FBCCC17D1AC0625E005B6941 /* MNIST_test_1000.arff */; };
		FBCCC1801AC06263005B6941 /* MNIST_train_1000.arff in Resources */ = {isa = PBXBuildFile; fileRef = FBCCC17F1AC06263005B6941 /* MNIST_train_1000.arff */; };
/* End PBXBuildFile section */

/* Begin PBXContainerItemProxy section */
		5BAF0B3D1AB8E69D0057379B /* PBXContainerItemProxy */ = {
			isa = PBXContainerItemProxy;
			containerPortal = 5BAF0B1C1AB8E69D0057379B /* Project object */;
			proxyType = 1;
			remoteGlobalIDString = 5BAF0B231AB8E69D0057379B;
			remoteInfo = DeepLearning;
		};
/* End PBXContainerItemProxy section */

/* Begin PBXFileReference section */
		5BAF0B241AB8E69D0057379B /* DeepLearning.app */ = {isa = PBXFileReference; explicitFileType = wrapper.application; includeInIndex = 0; path = DeepLearning.app; sourceTree = BUILT_PRODUCTS_DIR; };
		5BAF0B281AB8E69D0057379B /* Info.plist */ = {isa = PBXFileReference; lastKnownFileType = text.plist.xml; path = Info.plist; sourceTree = "<group>"; };
		5BAF0B291AB8E69D0057379B /* AppDelegate.swift */ = {isa = PBXFileReference; lastKnownFileType = sourcecode.swift; path = AppDelegate.swift; sourceTree = "<group>"; };
		5BAF0B2C1AB8E69D0057379B /* DeepLearning.xcdatamodel */ = {isa = PBXFileReference; lastKnownFileType = wrapper.xcdatamodel; path = DeepLearning.xcdatamodel; sourceTree = "<group>"; };
		5BAF0B2E1AB8E69D0057379B /* ViewController.swift */ = {isa = PBXFileReference; lastKnownFileType = sourcecode.swift; path = ViewController.swift; sourceTree = "<group>"; };
		5BAF0B311AB8E69D0057379B /* Base */ = {isa = PBXFileReference; lastKnownFileType = file.storyboard; name = Base; path = Base.lproj/Main.storyboard; sourceTree = "<group>"; };
		5BAF0B331AB8E69D0057379B /* Images.xcassets */ = {isa = PBXFileReference; lastKnownFileType = folder.assetcatalog; path = Images.xcassets; sourceTree = "<group>"; };
		5BAF0B361AB8E69D0057379B /* Base */ = {isa = PBXFileReference; lastKnownFileType = file.xib; name = Base; path = Base.lproj/LaunchScreen.xib; sourceTree = "<group>"; };
		5BAF0B3C1AB8E69D0057379B /* DeepLearningTests.xctest */ = {isa = PBXFileReference; explicitFileType = wrapper.cfbundle; includeInIndex = 0; path = DeepLearningTests.xctest; sourceTree = BUILT_PRODUCTS_DIR; };
		5BAF0B411AB8E69D0057379B /* Info.plist */ = {isa = PBXFileReference; lastKnownFileType = text.plist.xml; path = Info.plist; sourceTree = "<group>"; };
		5BAF0B421AB8E69D0057379B /* DeepLearningTests.swift */ = {isa = PBXFileReference; lastKnownFileType = sourcecode.swift; path = DeepLearningTests.swift; sourceTree = "<group>"; };
		5BAF0B4D1AB8E7450057379B /* SingleLayerBackpropNet.swift */ = {isa = PBXFileReference; fileEncoding = 4; lastKnownFileType = sourcecode.swift; path = SingleLayerBackpropNet.swift; sourceTree = "<group>"; };
		5BAF0B4E1AB8E7450057379B /* DataImporter.swift */ = {isa = PBXFileReference; fileEncoding = 4; lastKnownFileType = sourcecode.swift; path = DataImporter.swift; sourceTree = "<group>"; };
		5BAF0B4F1AB8E7450057379B /* NetworkExporter.swift */ = {isa = PBXFileReference; fileEncoding = 4; lastKnownFileType = sourcecode.swift; path = NetworkExporter.swift; sourceTree = "<group>"; };
		5BAF0B501AB8E7450057379B /* Dataset.swift */ = {isa = PBXFileReference; fileEncoding = 4; lastKnownFileType = sourcecode.swift; path = Dataset.swift; sourceTree = "<group>"; };
		5BAF0B511AB8E7450057379B /* Array2D.swift */ = {isa = PBXFileReference; fileEncoding = 4; lastKnownFileType = sourcecode.swift; path = Array2D.swift; sourceTree = "<group>"; };
		5BAF0B571AB8EC580057379B /* UIImageExtension.swift */ = {isa = PBXFileReference; fileEncoding = 4; lastKnownFileType = sourcecode.swift; path = UIImageExtension.swift; sourceTree = "<group>"; };
		5BAF0B5A1AB8EDA40057379B /* MNIST_test_500.arff */ = {isa = PBXFileReference; fileEncoding = 4; lastKnownFileType = text; path = MNIST_test_500.arff; sourceTree = "<group>"; };
		5BAF0B5B1AB8EDA40057379B /* MNIST_train_500.arff */ = {isa = PBXFileReference; fileEncoding = 4; lastKnownFileType = text; path = MNIST_train_500.arff; sourceTree = "<group>"; };
		5BAF0B5E1AB8F2590057379B /* MNIST_train_50.arff */ = {isa = PBXFileReference; fileEncoding = 4; lastKnownFileType = text; path = MNIST_train_50.arff; sourceTree = "<group>"; };
		FBCCC17D1AC0625E005B6941 /* MNIST_test_1000.arff */ = {isa = PBXFileReference; fileEncoding = 4; lastKnownFileType = text; path = MNIST_test_1000.arff; sourceTree = "<group>"; };
		FBCCC17F1AC06263005B6941 /* MNIST_train_1000.arff */ = {isa = PBXFileReference; fileEncoding = 4; lastKnownFileType = text; path = MNIST_train_1000.arff; sourceTree = "<group>"; };
/* End PBXFileReference section */

/* Begin PBXFrameworksBuildPhase section */
		5BAF0B211AB8E69D0057379B /* Frameworks */ = {
			isa = PBXFrameworksBuildPhase;
			buildActionMask = 2147483647;
			files = (
			);
			runOnlyForDeploymentPostprocessing = 0;
		};
		5BAF0B391AB8E69D0057379B /* Frameworks */ = {
			isa = PBXFrameworksBuildPhase;
			buildActionMask = 2147483647;
			files = (
			);
			runOnlyForDeploymentPostprocessing = 0;
		};
/* End PBXFrameworksBuildPhase section */

/* Begin PBXGroup section */
		5BAF0B1B1AB8E69D0057379B = {
			isa = PBXGroup;
			children = (
				5BAF0B591AB8EDA40057379B /* Data */,
				5BAF0B261AB8E69D0057379B /* DeepLearning */,
				5BAF0B3F1AB8E69D0057379B /* DeepLearningTests */,
				5BAF0B251AB8E69D0057379B /* Products */,
			);
			sourceTree = "<group>";
		};
		5BAF0B251AB8E69D0057379B /* Products */ = {
			isa = PBXGroup;
			children = (
				5BAF0B241AB8E69D0057379B /* DeepLearning.app */,
				5BAF0B3C1AB8E69D0057379B /* DeepLearningTests.xctest */,
			);
			name = Products;
			sourceTree = "<group>";
		};
		5BAF0B261AB8E69D0057379B /* DeepLearning */ = {
			isa = PBXGroup;
			children = (
				5BAF0B291AB8E69D0057379B /* AppDelegate.swift */,
				5BAF0B2E1AB8E69D0057379B /* ViewController.swift */,
				5BAF0B4C1AB8E7240057379B /* Learning */,
				5BAF0B301AB8E69D0057379B /* Main.storyboard */,
				5BAF0B331AB8E69D0057379B /* Images.xcassets */,
				5BAF0B351AB8E69D0057379B /* LaunchScreen.xib */,
				5BAF0B2B1AB8E69D0057379B /* DeepLearning.xcdatamodeld */,
				5BAF0B271AB8E69D0057379B /* Supporting Files */,
			);
			path = DeepLearning;
			sourceTree = "<group>";
		};
		5BAF0B271AB8E69D0057379B /* Supporting Files */ = {
			isa = PBXGroup;
			children = (
				5BAF0B281AB8E69D0057379B /* Info.plist */,
			);
			name = "Supporting Files";
			sourceTree = "<group>";
		};
		5BAF0B3F1AB8E69D0057379B /* DeepLearningTests */ = {
			isa = PBXGroup;
			children = (
				5BAF0B421AB8E69D0057379B /* DeepLearningTests.swift */,
				5BAF0B401AB8E69D0057379B /* Supporting Files */,
			);
			path = DeepLearningTests;
			sourceTree = "<group>";
		};
		5BAF0B401AB8E69D0057379B /* Supporting Files */ = {
			isa = PBXGroup;
			children = (
				5BAF0B411AB8E69D0057379B /* Info.plist */,
			);
			name = "Supporting Files";
			sourceTree = "<group>";
		};
		5BAF0B4C1AB8E7240057379B /* Learning */ = {
			isa = PBXGroup;
			children = (
				5BAF0B4D1AB8E7450057379B /* SingleLayerBackpropNet.swift */,
				5BAF0B4E1AB8E7450057379B /* DataImporter.swift */,
				5BAF0B4F1AB8E7450057379B /* NetworkExporter.swift */,
				5BAF0B501AB8E7450057379B /* Dataset.swift */,
				5BAF0B511AB8E7450057379B /* Array2D.swift */,
				5BAF0B571AB8EC580057379B /* UIImageExtension.swift */,
			);
			name = Learning;
			sourceTree = "<group>";
		};
		5BAF0B591AB8EDA40057379B /* Data */ = {
			isa = PBXGroup;
			children = (
				5BAF0B5A1AB8EDA40057379B /* MNIST_test_500.arff */,
				5BAF0B5B1AB8EDA40057379B /* MNIST_train_500.arff */,
				5BAF0B5E1AB8F2590057379B /* MNIST_train_50.arff */,
				FBCCC17D1AC0625E005B6941 /* MNIST_test_1000.arff */,
				FBCCC17F1AC06263005B6941 /* MNIST_train_1000.arff */,
			);
			path = Data;
			sourceTree = "<group>";
		};
/* End PBXGroup section */

/* Begin PBXNativeTarget section */
		5BAF0B231AB8E69D0057379B /* DeepLearning */ = {
			isa = PBXNativeTarget;
			buildConfigurationList = 5BAF0B461AB8E69D0057379B /* Build configuration list for PBXNativeTarget "DeepLearning" */;
			buildPhases = (
				5BAF0B201AB8E69D0057379B /* Sources */,
				5BAF0B211AB8E69D0057379B /* Frameworks */,
				5BAF0B221AB8E69D0057379B /* Resources */,
			);
			buildRules = (
			);
			dependencies = (
			);
			name = DeepLearning;
			productName = DeepLearning;
			productReference = 5BAF0B241AB8E69D0057379B /* DeepLearning.app */;
			productType = "com.apple.product-type.application";
		};
		5BAF0B3B1AB8E69D0057379B /* DeepLearningTests */ = {
			isa = PBXNativeTarget;
			buildConfigurationList = 5BAF0B491AB8E69D0057379B /* Build configuration list for PBXNativeTarget "DeepLearningTests" */;
			buildPhases = (
				5BAF0B381AB8E69D0057379B /* Sources */,
				5BAF0B391AB8E69D0057379B /* Frameworks */,
				5BAF0B3A1AB8E69D0057379B /* Resources */,
			);
			buildRules = (
			);
			dependencies = (
				5BAF0B3E1AB8E69D0057379B /* PBXTargetDependency */,
			);
			name = DeepLearningTests;
			productName = DeepLearningTests;
			productReference = 5BAF0B3C1AB8E69D0057379B /* DeepLearningTests.xctest */;
			productType = "com.apple.product-type.bundle.unit-test";
		};
/* End PBXNativeTarget section */

/* Begin PBXProject section */
		5BAF0B1C1AB8E69D0057379B /* Project object */ = {
			isa = PBXProject;
			attributes = {
				LastUpgradeCheck = 0620;
				ORGANIZATIONNAME = "Martin Mumford";
				TargetAttributes = {
					5BAF0B231AB8E69D0057379B = {
						CreatedOnToolsVersion = 6.2;
						DevelopmentTeam = 9SDP93X292;
					};
					5BAF0B3B1AB8E69D0057379B = {
						CreatedOnToolsVersion = 6.2;
						TestTargetID = 5BAF0B231AB8E69D0057379B;
					};
				};
			};
			buildConfigurationList = 5BAF0B1F1AB8E69D0057379B /* Build configuration list for PBXProject "DeepLearning" */;
			compatibilityVersion = "Xcode 3.2";
			developmentRegion = English;
			hasScannedForEncodings = 0;
			knownRegions = (
				en,
				Base,
			);
			mainGroup = 5BAF0B1B1AB8E69D0057379B;
			productRefGroup = 5BAF0B251AB8E69D0057379B /* Products */;
			projectDirPath = "";
			projectRoot = "";
			targets = (
				5BAF0B231AB8E69D0057379B /* DeepLearning */,
				5BAF0B3B1AB8E69D0057379B /* DeepLearningTests */,
			);
		};
/* End PBXProject section */

/* Begin PBXResourcesBuildPhase section */
		5BAF0B221AB8E69D0057379B /* Resources */ = {
			isa = PBXResourcesBuildPhase;
			buildActionMask = 2147483647;
			files = (
				5BAF0B321AB8E69D0057379B /* Main.storyboard in Resources */,
				5BAF0B371AB8E69D0057379B /* LaunchScreen.xib in Resources */,
				FBCCC1801AC06263005B6941 /* MNIST_train_1000.arff in Resources */,
				5BAF0B5C1AB8EDA40057379B /* MNIST_test_500.arff in Resources */,
				FBCCC17E1AC0625E005B6941 /* MNIST_test_1000.arff in Resources */,
				5BAF0B5D1AB8EDA40057379B /* MNIST_train_500.arff in Resources */,
				5BAF0B5F1AB8F2590057379B /* MNIST_train_50.arff in Resources */,
				5BAF0B341AB8E69D0057379B /* Images.xcassets in Resources */,
			);
			runOnlyForDeploymentPostprocessing = 0;
		};
		5BAF0B3A1AB8E69D0057379B /* Resources */ = {
			isa = PBXResourcesBuildPhase;
			buildActionMask = 2147483647;
			files = (
			);
			runOnlyForDeploymentPostprocessing = 0;
		};
/* End PBXResourcesBuildPhase section */

/* Begin PBXSourcesBuildPhase section */
		5BAF0B201AB8E69D0057379B /* Sources */ = {
			isa = PBXSourcesBuildPhase;
			buildActionMask = 2147483647;
			files = (
				5BAF0B2F1AB8E69D0057379B /* ViewController.swift in Sources */,
				5BAF0B551AB8E7450057379B /* Dataset.swift in Sources */,
				5BAF0B541AB8E7450057379B /* NetworkExporter.swift in Sources */,
				5BAF0B2A1AB8E69D0057379B /* AppDelegate.swift in Sources */,
				5BAF0B2D1AB8E69D0057379B /* DeepLearning.xcdatamodeld in Sources */,
				5BAF0B581AB8EC580057379B /* UIImageExtension.swift in Sources */,
				5BAF0B561AB8E7450057379B /* Array2D.swift in Sources */,
				5BAF0B521AB8E7450057379B /* SingleLayerBackpropNet.swift in Sources */,
				5BAF0B531AB8E7450057379B /* DataImporter.swift in Sources */,
			);
			runOnlyForDeploymentPostprocessing = 0;
		};
		5BAF0B381AB8E69D0057379B /* Sources */ = {
			isa = PBXSourcesBuildPhase;
			buildActionMask = 2147483647;
			files = (
				5BAF0B431AB8E69D0057379B /* DeepLearningTests.swift in Sources */,
			);
			runOnlyForDeploymentPostprocessing = 0;
		};
/* End PBXSourcesBuildPhase section */

/* Begin PBXTargetDependency section */
		5BAF0B3E1AB8E69D0057379B /* PBXTargetDependency */ = {
			isa = PBXTargetDependency;
			target = 5BAF0B231AB8E69D0057379B /* DeepLearning */;
			targetProxy = 5BAF0B3D1AB8E69D0057379B /* PBXContainerItemProxy */;
		};
/* End PBXTargetDependency section */

/* Begin PBXVariantGroup section */
		5BAF0B301AB8E69D0057379B /* Main.storyboard */ = {
			isa = PBXVariantGroup;
			children = (
				5BAF0B311AB8E69D0057379B /* Base */,
			);
			name = Main.storyboard;
			sourceTree = "<group>";
		};
		5BAF0B351AB8E69D0057379B /* LaunchScreen.xib */ = {
			isa = PBXVariantGroup;
			children = (
				5BAF0B361AB8E69D0057379B /* Base */,
			);
			name = LaunchScreen.xib;
			sourceTree = "<group>";
		};
/* End PBXVariantGroup section */

/* Begin XCBuildConfiguration section */
		5BAF0B441AB8E69D0057379B /* Debug */ = {
			isa = XCBuildConfiguration;
			buildSettings = {
				ALWAYS_SEARCH_USER_PATHS = NO;
				CLANG_CXX_LANGUAGE_STANDARD = "gnu++0x";
				CLANG_CXX_LIBRARY = "libc++";
				CLANG_ENABLE_MODULES = YES;
				CLANG_ENABLE_OBJC_ARC = YES;
				CLANG_WARN_BOOL_CONVERSION = YES;
				CLANG_WARN_CONSTANT_CONVERSION = YES;
				CLANG_WARN_DIRECT_OBJC_ISA_USAGE = YES_ERROR;
				CLANG_WARN_EMPTY_BODY = YES;
				CLANG_WARN_ENUM_CONVERSION = YES;
				CLANG_WARN_INT_CONVERSION = YES;
				CLANG_WARN_OBJC_ROOT_CLASS = YES_ERROR;
				CLANG_WARN_UNREACHABLE_CODE = YES;
				CLANG_WARN__DUPLICATE_METHOD_MATCH = YES;
				"CODE_SIGN_IDENTITY[sdk=iphoneos*]" = "iPhone Developer";
				COPY_PHASE_STRIP = NO;
				ENABLE_STRICT_OBJC_MSGSEND = YES;
				GCC_C_LANGUAGE_STANDARD = gnu99;
				GCC_DYNAMIC_NO_PIC = NO;
				GCC_OPTIMIZATION_LEVEL = 0;
				GCC_PREPROCESSOR_DEFINITIONS = (
					"DEBUG=1",
					"$(inherited)",
				);
				GCC_SYMBOLS_PRIVATE_EXTERN = NO;
				GCC_WARN_64_TO_32_BIT_CONVERSION = YES;
				GCC_WARN_ABOUT_RETURN_TYPE = YES_ERROR;
				GCC_WARN_UNDECLARED_SELECTOR = YES;
				GCC_WARN_UNINITIALIZED_AUTOS = YES_AGGRESSIVE;
				GCC_WARN_UNUSED_FUNCTION = YES;
				GCC_WARN_UNUSED_VARIABLE = YES;
				IPHONEOS_DEPLOYMENT_TARGET = 8.2;
				MTL_ENABLE_DEBUG_INFO = YES;
				ONLY_ACTIVE_ARCH = YES;
				SDKROOT = iphoneos;
				SWIFT_OPTIMIZATION_LEVEL = "-Onone";
				TARGETED_DEVICE_FAMILY = "1,2";
			};
			name = Debug;
		};
		5BAF0B451AB8E69D0057379B /* Release */ = {
			isa = XCBuildConfiguration;
			buildSettings = {
				ALWAYS_SEARCH_USER_PATHS = NO;
				CLANG_CXX_LANGUAGE_STANDARD = "gnu++0x";
				CLANG_CXX_LIBRARY = "libc++";
				CLANG_ENABLE_MODULES = YES;
				CLANG_ENABLE_OBJC_ARC = YES;
				CLANG_WARN_BOOL_CONVERSION = YES;
				CLANG_WARN_CONSTANT_CONVERSION = YES;
				CLANG_WARN_DIRECT_OBJC_ISA_USAGE = YES_ERROR;
				CLANG_WARN_EMPTY_BODY = YES;
				CLANG_WARN_ENUM_CONVERSION = YES;
				CLANG_WARN_INT_CONVERSION = YES;
				CLANG_WARN_OBJC_ROOT_CLASS = YES_ERROR;
				CLANG_WARN_UNREACHABLE_CODE = YES;
				CLANG_WARN__DUPLICATE_METHOD_MATCH = YES;
				"CODE_SIGN_IDENTITY[sdk=iphoneos*]" = "iPhone Developer";
				COPY_PHASE_STRIP = NO;
				ENABLE_NS_ASSERTIONS = NO;
				ENABLE_STRICT_OBJC_MSGSEND = YES;
				GCC_C_LANGUAGE_STANDARD = gnu99;
				GCC_WARN_64_TO_32_BIT_CONVERSION = YES;
				GCC_WARN_ABOUT_RETURN_TYPE = YES_ERROR;
				GCC_WARN_UNDECLARED_SELECTOR = YES;
				GCC_WARN_UNINITIALIZED_AUTOS = YES_AGGRESSIVE;
				GCC_WARN_UNUSED_FUNCTION = YES;
				GCC_WARN_UNUSED_VARIABLE = YES;
				IPHONEOS_DEPLOYMENT_TARGET = 8.2;
				MTL_ENABLE_DEBUG_INFO = NO;
				SDKROOT = iphoneos;
				TARGETED_DEVICE_FAMILY = "1,2";
				VALIDATE_PRODUCT = YES;
			};
			name = Release;
		};
		5BAF0B471AB8E69D0057379B /* Debug */ = {
			isa = XCBuildConfiguration;
			buildSettings = {
				ASSETCATALOG_COMPILER_APPICON_NAME = AppIcon;
				CODE_SIGN_IDENTITY = "iPhone Developer";
				INFOPLIST_FILE = DeepLearning/Info.plist;
				IPHONEOS_DEPLOYMENT_TARGET = 8.1;
				LD_RUNPATH_SEARCH_PATHS = "$(inherited) @executable_path/Frameworks";
				PRODUCT_NAME = "$(TARGET_NAME)";
			};
			name = Debug;
		};
		5BAF0B481AB8E69D0057379B /* Release */ = {
			isa = XCBuildConfiguration;
			buildSettings = {
				ASSETCATALOG_COMPILER_APPICON_NAME = AppIcon;
				CODE_SIGN_IDENTITY = "iPhone Developer";
				INFOPLIST_FILE = DeepLearning/Info.plist;
				IPHONEOS_DEPLOYMENT_TARGET = 8.1;
				LD_RUNPATH_SEARCH_PATHS = "$(inherited) @executable_path/Frameworks";
				PRODUCT_NAME = "$(TARGET_NAME)";
			};
			name = Release;
		};
		5BAF0B4A1AB8E69D0057379B /* Debug */ = {
			isa = XCBuildConfiguration;
			buildSettings = {
				BUNDLE_LOADER = "$(TEST_HOST)";
				FRAMEWORK_SEARCH_PATHS = (
					"$(SDKROOT)/Developer/Library/Frameworks",
					"$(inherited)",
				);
				GCC_PREPROCESSOR_DEFINITIONS = (
					"DEBUG=1",
					"$(inherited)",
				);
				INFOPLIST_FILE = DeepLearningTests/Info.plist;
				LD_RUNPATH_SEARCH_PATHS = "$(inherited) @executable_path/Frameworks @loader_path/Frameworks";
				PRODUCT_NAME = "$(TARGET_NAME)";
				TEST_HOST = "$(BUILT_PRODUCTS_DIR)/DeepLearning.app/DeepLearning";
			};
			name = Debug;
		};
		5BAF0B4B1AB8E69D0057379B /* Release */ = {
			isa = XCBuildConfiguration;
			buildSettings = {
				BUNDLE_LOADER = "$(TEST_HOST)";
				FRAMEWORK_SEARCH_PATHS = (
					"$(SDKROOT)/Developer/Library/Frameworks",
					"$(inherited)",
				);
				INFOPLIST_FILE = DeepLearningTests/Info.plist;
				LD_RUNPATH_SEARCH_PATHS = "$(inherited) @executable_path/Frameworks @loader_path/Frameworks";
				PRODUCT_NAME = "$(TARGET_NAME)";
				TEST_HOST = "$(BUILT_PRODUCTS_DIR)/DeepLearning.app/DeepLearning";
			};
			name = Release;
		};
/* End XCBuildConfiguration section */

/* Begin XCConfigurationList section */
		5BAF0B1F1AB8E69D0057379B /* Build configuration list for PBXProject "DeepLearning" */ = {
			isa = XCConfigurationList;
			buildConfigurations = (
				5BAF0B441AB8E69D0057379B /* Debug */,
				5BAF0B451AB8E69D0057379B /* Release */,
			);
			defaultConfigurationIsVisible = 0;
			defaultConfigurationName = Release;
		};
		5BAF0B461AB8E69D0057379B /* Build configuration list for PBXNativeTarget "DeepLearning" */ = {
			isa = XCConfigurationList;
			buildConfigurations = (
				5BAF0B471AB8E69D0057379B /* Debug */,
				5BAF0B481AB8E69D0057379B /* Release */,
			);
			defaultConfigurationIsVisible = 0;
			defaultConfigurationName = Release;
		};
		5BAF0B491AB8E69D0057379B /* Build configuration list for PBXNativeTarget "DeepLearningTests" */ = {
			isa = XCConfigurationList;
			buildConfigurations = (
				5BAF0B4A1AB8E69D0057379B /* Debug */,
				5BAF0B4B1AB8E69D0057379B /* Release */,
			);
			defaultConfigurationIsVisible = 0;
			defaultConfigurationName = Release;
		};
/* End XCConfigurationList section */

/* Begin XCVersionGroup section */
		5BAF0B2B1AB8E69D0057379B /* DeepLearning.xcdatamodeld */ = {
			isa = XCVersionGroup;
			children = (
				5BAF0B2C1AB8E69D0057379B /* DeepLearning.xcdatamodel */,
			);
			currentVersion = 5BAF0B2C1AB8E69D0057379B /* DeepLearning.xcdatamodel */;
			path = DeepLearning.xcdatamodeld;
			sourceTree = "<group>";
			versionGroupType = wrapper.xcdatamodel;
		};
/* End XCVersionGroup section */
	};
	rootObject = 5BAF0B1C1AB8E69D0057379B /* Project object */;
}
